
Microsoft Visual Studio Solution File, Format Version 12.00
# Visual Studio Version 17
VisualStudioVersion = 17.12.35527.113
MinimumVisualStudioVersion = 10.0.40219.1
Project("{2150E333-8FDC-42A3-9474-1A3956D46DE8}") = "src", "src", "{ACF55F69-A4DA-456D-B58F-61966B6A0168}"
EndProject
Project("{2150E333-8FDC-42A3-9474-1A3956D46DE8}") = "01-Domain", "01-Domain", "{43E2C00C-20E4-4E98-9D19-967A8379A684}"
EndProject
Project("{2150E333-8FDC-42A3-9474-1A3956D46DE8}") = "02-Infrastructure", "02-Infrastructure", "{5CD5215C-3365-4651-868F-14C0AF3AEC73}"
EndProject
Project("{2150E333-8FDC-42A3-9474-1A3956D46DE8}") = "03-Endpoints", "03-Endpoints", "{8A78ABFF-1B0A-4075-8F17-5849C0D90E79}"
EndProject
Project("{2150E333-8FDC-42A3-9474-1A3956D46DE8}") = "Core", "Core", "{E26F609B-BD3A-4915-B51D-DD31DAD99103}"
EndProject
Project("{2150E333-8FDC-42A3-9474-1A3956D46DE8}") = "Services", "Services", "{CE96A6E3-119E-4430-A7BF-70C31C4C2C8C}"
EndProject
Project("{FAE04EC0-301F-11D3-BF4B-00C04F79EFBC}") = "CarCheckup.Domain.Core", "src\01-Domain\CarCheckup.Domain.Core\CarCheckup.Domain.Core.csproj", "{26C4DDAF-A604-4938-8C06-459C1C333C12}"
EndProject
Project("{FAE04EC0-301F-11D3-BF4B-00C04F79EFBC}") = "CarCheckup.Infra.EfCore", "src\02-Infrastructure\CarCheckup.Infra.EfCore\CarCheckup.Infra.EfCore.csproj", "{C9298D87-2C31-404D-993C-F90446927896}"
EndProject
Project("{FAE04EC0-301F-11D3-BF4B-00C04F79EFBC}") = "CarCheckup.EndPoints.RazorPage", "src\03-EndPoints\CarCheckup.EndPoints.RazorPage\CarCheckup.EndPoints.RazorPage.csproj", "{ADFB9885-C6DF-423B-8767-C61569ADB87F}"
EndProject
Project("{FAE04EC0-301F-11D3-BF4B-00C04F79EFBC}") = "CarCheckup.Domain.Services.Service", "src\01-Domain\CarCheckup.Domain.Services.Service\CarCheckup.Domain.Services.Service.csproj", "{D32D5D59-637A-43F5-A78A-B82C81759D04}"
EndProject
Project("{FAE04EC0-301F-11D3-BF4B-00C04F79EFBC}") = "CarCheckup.Domain.Services.AppService", "src\01-Domain\CarCheckup.Domain.Services.AppService\CarCheckup.Domain.Services.AppService.csproj", "{E3AE2ED3-69C2-4CCC-A519-9B17E471EFA1}"
EndProject
Project("{FAE04EC0-301F-11D3-BF4B-00C04F79EFBC}") = "ConsoleApp1", "ConsoleApp1\ConsoleApp1.csproj", "{B1D56385-ED2C-4801-BCE7-BE6586309537}"
EndProject
Global
	GlobalSection(SolutionConfigurationPlatforms) = preSolution
		Debug|Any CPU = Debug|Any CPU
		Release|Any CPU = Release|Any CPU
	EndGlobalSection
	GlobalSection(ProjectConfigurationPlatforms) = postSolution
		{26C4DDAF-A604-4938-8C06-459C1C333C12}.Debug|Any CPU.ActiveCfg = Debug|Any CPU
		{26C4DDAF-A604-4938-8C06-459C1C333C12}.Debug|Any CPU.Build.0 = Debug|Any CPU
		{26C4DDAF-A604-4938-8C06-459C1C333C12}.Release|Any CPU.ActiveCfg = Release|Any CPU
		{26C4DDAF-A604-4938-8C06-459C1C333C12}.Release|Any CPU.Build.0 = Release|Any CPU
		{C9298D87-2C31-404D-993C-F90446927896}.Debug|Any CPU.ActiveCfg = Debug|Any CPU
		{C9298D87-2C31-404D-993C-F90446927896}.Debug|Any CPU.Build.0 = Debug|Any CPU
		{C9298D87-2C31-404D-993C-F90446927896}.Release|Any CPU.ActiveCfg = Release|Any CPU
		{C9298D87-2C31-404D-993C-F90446927896}.Release|Any CPU.Build.0 = Release|Any CPU
		{ADFB9885-C6DF-423B-8767-C61569ADB87F}.Debug|Any CPU.ActiveCfg = Debug|Any CPU
		{ADFB9885-C6DF-423B-8767-C61569ADB87F}.Debug|Any CPU.Build.0 = Debug|Any CPU
		{ADFB9885-C6DF-423B-8767-C61569ADB87F}.Release|Any CPU.ActiveCfg = Release|Any CPU
		{ADFB9885-C6DF-423B-8767-C61569ADB87F}.Release|Any CPU.Build.0 = Release|Any CPU
		{D32D5D59-637A-43F5-A78A-B82C81759D04}.Debug|Any CPU.ActiveCfg = Debug|Any CPU
		{D32D5D59-637A-43F5-A78A-B82C81759D04}.Debug|Any CPU.Build.0 = Debug|Any CPU
		{D32D5D59-637A-43F5-A78A-B82C81759D04}.Release|Any CPU.ActiveCfg = Release|Any CPU
		{D32D5D59-637A-43F5-A78A-B82C81759D04}.Release|Any CPU.Build.0 = Release|Any CPU
		{E3AE2ED3-69C2-4CCC-A519-9B17E471EFA1}.Debug|Any CPU.ActiveCfg = Debug|Any CPU
		{E3AE2ED3-69C2-4CCC-A519-9B17E471EFA1}.Debug|Any CPU.Build.0 = Debug|Any CPU
		{E3AE2ED3-69C2-4CCC-A519-9B17E471EFA1}.Release|Any CPU.ActiveCfg = Release|Any CPU
		{E3AE2ED3-69C2-4CCC-A519-9B17E471EFA1}.Release|Any CPU.Build.0 = Release|Any CPU
		{B1D56385-ED2C-4801-BCE7-BE6586309537}.Debug|Any CPU.ActiveCfg = Debug|Any CPU
		{B1D56385-ED2C-4801-BCE7-BE6586309537}.Debug|Any CPU.Build.0 = Debug|Any CPU
		{B1D56385-ED2C-4801-BCE7-BE6586309537}.Release|Any CPU.ActiveCfg = Release|Any CPU
		{B1D56385-ED2C-4801-BCE7-BE6586309537}.Release|Any CPU.Build.0 = Release|Any CPU
	EndGlobalSection
	GlobalSection(SolutionProperties) = preSolution
		HideSolutionNode = FALSE
	EndGlobalSection
	GlobalSection(NestedProjects) = preSolution
		{43E2C00C-20E4-4E98-9D19-967A8379A684} = {ACF55F69-A4DA-456D-B58F-61966B6A0168}
		{5CD5215C-3365-4651-868F-14C0AF3AEC73} = {ACF55F69-A4DA-456D-B58F-61966B6A0168}
		{8A78ABFF-1B0A-4075-8F17-5849C0D90E79} = {ACF55F69-A4DA-456D-B58F-61966B6A0168}
		{E26F609B-BD3A-4915-B51D-DD31DAD99103} = {43E2C00C-20E4-4E98-9D19-967A8379A684}
		{CE96A6E3-119E-4430-A7BF-70C31C4C2C8C} = {43E2C00C-20E4-4E98-9D19-967A8379A684}
		{26C4DDAF-A604-4938-8C06-459C1C333C12} = {E26F609B-BD3A-4915-B51D-DD31DAD99103}
		{C9298D87-2C31-404D-993C-F90446927896} = {5CD5215C-3365-4651-868F-14C0AF3AEC73}
		{ADFB9885-C6DF-423B-8767-C61569ADB87F} = {8A78ABFF-1B0A-4075-8F17-5849C0D90E79}
		{D32D5D59-637A-43F5-A78A-B82C81759D04} = {CE96A6E3-119E-4430-A7BF-70C31C4C2C8C}
		{E3AE2ED3-69C2-4CCC-A519-9B17E471EFA1} = {CE96A6E3-119E-4430-A7BF-70C31C4C2C8C}
		{B1D56385-ED2C-4801-BCE7-BE6586309537} = {8A78ABFF-1B0A-4075-8F17-5849C0D90E79}
	EndGlobalSection
EndGlobal
